
Microsoft Visual Studio Solution File, Format Version 12.00
# Visual Studio 14
VisualStudioVersion = 14.0.25420.1
MinimumVisualStudioVersion = 10.0.40219.1
Project("{FAE04EC0-301F-11D3-BF4B-00C04F79EFBC}") = "NorthWindTest", "NorthWindTest\NorthWindTest.csproj", "{806365DE-2E18-4A4B-9836-597D96A7C301}"
EndProject
Project("{FAE04EC0-301F-11D3-BF4B-00C04F79EFBC}") = "NorthWindTest.Models", "NorthWindTest.Models\NorthWindTest.Models.csproj", "{EF79E1FA-4B6E-4B51-8274-2304ACD92D89}"
EndProject
Project("{FAE04EC0-301F-11D3-BF4B-00C04F79EFBC}") = "NorthWindTest.Common", "NorthWindTest.Common\NorthWindTest.Common.csproj", "{1DAC9F9A-66B3-486C-8823-5443C22A3D13}"
EndProject
Project("{FAE04EC0-301F-11D3-BF4B-00C04F79EFBC}") = "NorthWindTest.Repository", "NorthWindTest.Repository\NorthWindTest.Repository.csproj", "{911EF2F7-CF58-4FF9-9744-DAFEF7EF0547}"
EndProject
Project("{FAE04EC0-301F-11D3-BF4B-00C04F79EFBC}") = "NorthWindTest.Service", "NorthWindTest.Service\NorthWindTest.Service.csproj", "{EC9565B0-B2DD-48C2-8410-8B7D394F2731}"
EndProject
Global
	GlobalSection(SolutionConfigurationPlatforms) = preSolution
		Debug|Any CPU = Debug|Any CPU
		Release|Any CPU = Release|Any CPU
	EndGlobalSection
	GlobalSection(ProjectConfigurationPlatforms) = postSolution
		{806365DE-2E18-4A4B-9836-597D96A7C301}.Debug|Any CPU.ActiveCfg = Debug|Any CPU
		{806365DE-2E18-4A4B-9836-597D96A7C301}.Debug|Any CPU.Build.0 = Debug|Any CPU
		{806365DE-2E18-4A4B-9836-597D96A7C301}.Release|Any CPU.ActiveCfg = Release|Any CPU
		{806365DE-2E18-4A4B-9836-597D96A7C301}.Release|Any CPU.Build.0 = Release|Any CPU
		{EF79E1FA-4B6E-4B51-8274-2304ACD92D89}.Debug|Any CPU.ActiveCfg = Debug|Any CPU
		{EF79E1FA-4B6E-4B51-8274-2304ACD92D89}.Debug|Any CPU.Build.0 = Debug|Any CPU
		{EF79E1FA-4B6E-4B51-8274-2304ACD92D89}.Release|Any CPU.ActiveCfg = Release|Any CPU
		{EF79E1FA-4B6E-4B51-8274-2304ACD92D89}.Release|Any CPU.Build.0 = Release|Any CPU
		{1DAC9F9A-66B3-486C-8823-5443C22A3D13}.Debug|Any CPU.ActiveCfg = Debug|Any CPU
		{1DAC9F9A-66B3-486C-8823-5443C22A3D13}.Debug|Any CPU.Build.0 = Debug|Any CPU
		{1DAC9F9A-66B3-486C-8823-5443C22A3D13}.Release|Any CPU.ActiveCfg = Release|Any CPU
		{1DAC9F9A-66B3-486C-8823-5443C22A3D13}.Release|Any CPU.Build.0 = Release|Any CPU
		{911EF2F7-CF58-4FF9-9744-DAFEF7EF0547}.Debug|Any CPU.ActiveCfg = Debug|Any CPU
		{911EF2F7-CF58-4FF9-9744-DAFEF7EF0547}.Debug|Any CPU.Build.0 = Debug|Any CPU
		{911EF2F7-CF58-4FF9-9744-DAFEF7EF0547}.Release|Any CPU.ActiveCfg = Release|Any CPU
		{911EF2F7-CF58-4FF9-9744-DAFEF7EF0547}.Release|Any CPU.Build.0 = Release|Any CPU
		{EC9565B0-B2DD-48C2-8410-8B7D394F2731}.Debug|Any CPU.ActiveCfg = Debug|Any CPU
		{EC9565B0-B2DD-48C2-8410-8B7D394F2731}.Debug|Any CPU.Build.0 = Debug|Any CPU
		{EC9565B0-B2DD-48C2-8410-8B7D394F2731}.Release|Any CPU.ActiveCfg = Release|Any CPU
		{EC9565B0-B2DD-48C2-8410-8B7D394F2731}.Release|Any CPU.Build.0 = Release|Any CPU
	EndGlobalSection
	GlobalSection(SolutionProperties) = preSolution
		HideSolutionNode = FALSE
	EndGlobalSection
EndGlobal
